// !$*UTF8*$!
{
	archiveVersion = 1;
	classes = {
	};
	objectVersion = 46;
	objects = {

/* Begin PBXBuildFile section */
		3E220A518020C1748DDE2AD0 /* Pods.framework in Frameworks */ = {isa = PBXBuildFile; fileRef = 945EE713E89696D918E14E05 /* Pods.framework */; };
		A2D0094E1BEE36B800E1FCEE /* AppDelegate.swift in Sources */ = {isa = PBXBuildFile; fileRef = A2D0094D1BEE36B800E1FCEE /* AppDelegate.swift */; };
		A2D009501BEE36B800E1FCEE /* MasterViewController.swift in Sources */ = {isa = PBXBuildFile; fileRef = A2D0094F1BEE36B800E1FCEE /* MasterViewController.swift */; };
		A2D009521BEE36B800E1FCEE /* DetailViewController.swift in Sources */ = {isa = PBXBuildFile; fileRef = A2D009511BEE36B800E1FCEE /* DetailViewController.swift */; };
		A2D009551BEE36B800E1FCEE /* Main.storyboard in Resources */ = {isa = PBXBuildFile; fileRef = A2D009531BEE36B800E1FCEE /* Main.storyboard */; };
		A2D009571BEE36B800E1FCEE /* Assets.xcassets in Resources */ = {isa = PBXBuildFile; fileRef = A2D009561BEE36B800E1FCEE /* Assets.xcassets */; };
		A2D0095A1BEE36B800E1FCEE /* LaunchScreen.storyboard in Resources */ = {isa = PBXBuildFile; fileRef = A2D009581BEE36B800E1FCEE /* LaunchScreen.storyboard */; };
		A2D009651BEE36B800E1FCEE /* GitHubSearchTests.swift in Sources */ = {isa = PBXBuildFile; fileRef = A2D009641BEE36B800E1FCEE /* GitHubSearchTests.swift */; };
		A2D009701BEE36B800E1FCEE /* GitHubSearchUITests.swift in Sources */ = {isa = PBXBuildFile; fileRef = A2D0096F1BEE36B800E1FCEE /* GitHubSearchUITests.swift */; };
/* End PBXBuildFile section */

/* Begin PBXContainerItemProxy section */
		A2D009611BEE36B800E1FCEE /* PBXContainerItemProxy */ = {
			isa = PBXContainerItemProxy;
			containerPortal = A2D009421BEE36B800E1FCEE /* Project object */;
			proxyType = 1;
			remoteGlobalIDString = A2D009491BEE36B800E1FCEE;
			remoteInfo = GitHubSearch;
		};
		A2D0096C1BEE36B800E1FCEE /* PBXContainerItemProxy */ = {
			isa = PBXContainerItemProxy;
			containerPortal = A2D009421BEE36B800E1FCEE /* Project object */;
			proxyType = 1;
			remoteGlobalIDString = A2D009491BEE36B800E1FCEE;
			remoteInfo = GitHubSearch;
		};
/* End PBXContainerItemProxy section */

/* Begin PBXFileReference section */
		27AFC4B724F93739754B80CA /* Pods.release.xcconfig */ = {isa = PBXFileReference; includeInIndex = 1; lastKnownFileType = text.xcconfig; name = Pods.release.xcconfig; path = "Pods/Target Support Files/Pods/Pods.release.xcconfig"; sourceTree = "<group>"; };
		945EE713E89696D918E14E05 /* Pods.framework */ = {isa = PBXFileReference; explicitFileType = wrapper.framework; includeInIndex = 0; path = Pods.framework; sourceTree = BUILT_PRODUCTS_DIR; };
		A2D0094A1BEE36B800E1FCEE /* GitHubSearch.app */ = {isa = PBXFileReference; explicitFileType = wrapper.application; includeInIndex = 0; path = GitHubSearch.app; sourceTree = BUILT_PRODUCTS_DIR; };
		A2D0094D1BEE36B800E1FCEE /* AppDelegate.swift */ = {isa = PBXFileReference; lastKnownFileType = sourcecode.swift; path = AppDelegate.swift; sourceTree = "<group>"; };
		A2D0094F1BEE36B800E1FCEE /* MasterViewController.swift */ = {isa = PBXFileReference; lastKnownFileType = sourcecode.swift; path = MasterViewController.swift; sourceTree = "<group>"; };
		A2D009511BEE36B800E1FCEE /* DetailViewController.swift */ = {isa = PBXFileReference; lastKnownFileType = sourcecode.swift; path = DetailViewController.swift; sourceTree = "<group>"; };
		A2D009541BEE36B800E1FCEE /* Base */ = {isa = PBXFileReference; lastKnownFileType = file.storyboard; name = Base; path = Base.lproj/Main.storyboard; sourceTree = "<group>"; };
		A2D009561BEE36B800E1FCEE /* Assets.xcassets */ = {isa = PBXFileReference; lastKnownFileType = folder.assetcatalog; path = Assets.xcassets; sourceTree = "<group>"; };
		A2D009591BEE36B800E1FCEE /* Base */ = {isa = PBXFileReference; lastKnownFileType = file.storyboard; name = Base; path = Base.lproj/LaunchScreen.storyboard; sourceTree = "<group>"; };
		A2D0095B1BEE36B800E1FCEE /* Info.plist */ = {isa = PBXFileReference; lastKnownFileType = text.plist.xml; path = Info.plist; sourceTree = "<group>"; };
		A2D009601BEE36B800E1FCEE /* GitHubSearchTests.xctest */ = {isa = PBXFileReference; explicitFileType = wrapper.cfbundle; includeInIndex = 0; path = GitHubSearchTests.xctest; sourceTree = BUILT_PRODUCTS_DIR; };
		A2D009641BEE36B800E1FCEE /* GitHubSearchTests.swift */ = {isa = PBXFileReference; lastKnownFileType = sourcecode.swift; path = GitHubSearchTests.swift; sourceTree = "<group>"; };
		A2D009661BEE36B800E1FCEE /* Info.plist */ = {isa = PBXFileReference; lastKnownFileType = text.plist.xml; path = Info.plist; sourceTree = "<group>"; };
		A2D0096B1BEE36B800E1FCEE /* GitHubSearchUITests.xctest */ = {isa = PBXFileReference; explicitFileType = wrapper.cfbundle; includeInIndex = 0; path = GitHubSearchUITests.xctest; sourceTree = BUILT_PRODUCTS_DIR; };
		A2D0096F1BEE36B800E1FCEE /* GitHubSearchUITests.swift */ = {isa = PBXFileReference; lastKnownFileType = sourcecode.swift; path = GitHubSearchUITests.swift; sourceTree = "<group>"; };
		A2D009711BEE36B800E1FCEE /* Info.plist */ = {isa = PBXFileReference; lastKnownFileType = text.plist.xml; path = Info.plist; sourceTree = "<group>"; };
		F898359742239CEBE9EB1D04 /* Pods.debug.xcconfig */ = {isa = PBXFileReference; includeInIndex = 1; lastKnownFileType = text.xcconfig; name = Pods.debug.xcconfig; path = "Pods/Target Support Files/Pods/Pods.debug.xcconfig"; sourceTree = "<group>"; };
/* End PBXFileReference section */

/* Begin PBXFrameworksBuildPhase section */
		A2D009471BEE36B800E1FCEE /* Frameworks */ = {
			isa = PBXFrameworksBuildPhase;
			buildActionMask = 2147483647;
			files = (
				3E220A518020C1748DDE2AD0 /* Pods.framework in Frameworks */,
			);
			runOnlyForDeploymentPostprocessing = 0;
		};
		A2D0095D1BEE36B800E1FCEE /* Frameworks */ = {
			isa = PBXFrameworksBuildPhase;
			buildActionMask = 2147483647;
			files = (
			);
			runOnlyForDeploymentPostprocessing = 0;
		};
		A2D009681BEE36B800E1FCEE /* Frameworks */ = {
			isa = PBXFrameworksBuildPhase;
			buildActionMask = 2147483647;
			files = (
			);
			runOnlyForDeploymentPostprocessing = 0;
		};
/* End PBXFrameworksBuildPhase section */

/* Begin PBXGroup section */
		27B4E91063CE0E54D006F9E8 /* Pods */ = {
			isa = PBXGroup;
			children = (
				F898359742239CEBE9EB1D04 /* Pods.debug.xcconfig */,
				27AFC4B724F93739754B80CA /* Pods.release.xcconfig */,
			);
			name = Pods;
			sourceTree = "<group>";
		};
		7887DA7FB0901DAF3F4AE763 /* Frameworks */ = {
			isa = PBXGroup;
			children = (
				945EE713E89696D918E14E05 /* Pods.framework */,
			);
			name = Frameworks;
			sourceTree = "<group>";
		};
		A2D009411BEE36B800E1FCEE = {
			isa = PBXGroup;
			children = (
				A2D0094C1BEE36B800E1FCEE /* GitHubSearch */,
				A2D009631BEE36B800E1FCEE /* GitHubSearchTests */,
				A2D0096E1BEE36B800E1FCEE /* GitHubSearchUITests */,
				A2D0094B1BEE36B800E1FCEE /* Products */,
				27B4E91063CE0E54D006F9E8 /* Pods */,
				7887DA7FB0901DAF3F4AE763 /* Frameworks */,
			);
			sourceTree = "<group>";
		};
		A2D0094B1BEE36B800E1FCEE /* Products */ = {
			isa = PBXGroup;
			children = (
				A2D0094A1BEE36B800E1FCEE /* GitHubSearch.app */,
				A2D009601BEE36B800E1FCEE /* GitHubSearchTests.xctest */,
				A2D0096B1BEE36B800E1FCEE /* GitHubSearchUITests.xctest */,
			);
			name = Products;
			sourceTree = "<group>";
		};
		A2D0094C1BEE36B800E1FCEE /* GitHubSearch */ = {
			isa = PBXGroup;
			children = (
				A2D0094D1BEE36B800E1FCEE /* AppDelegate.swift */,
				A2D0094F1BEE36B800E1FCEE /* MasterViewController.swift */,
				A2D009511BEE36B800E1FCEE /* DetailViewController.swift */,
				A2D009531BEE36B800E1FCEE /* Main.storyboard */,
				A2D009561BEE36B800E1FCEE /* Assets.xcassets */,
				A2D009581BEE36B800E1FCEE /* LaunchScreen.storyboard */,
				A2D0095B1BEE36B800E1FCEE /* Info.plist */,
			);
			path = GitHubSearch;
			sourceTree = "<group>";
		};
		A2D009631BEE36B800E1FCEE /* GitHubSearchTests */ = {
			isa = PBXGroup;
			children = (
				A2D009641BEE36B800E1FCEE /* GitHubSearchTests.swift */,
				A2D009661BEE36B800E1FCEE /* Info.plist */,
			);
			path = GitHubSearchTests;
			sourceTree = "<group>";
		};
		A2D0096E1BEE36B800E1FCEE /* GitHubSearchUITests */ = {
			isa = PBXGroup;
			children = (
				A2D0096F1BEE36B800E1FCEE /* GitHubSearchUITests.swift */,
				A2D009711BEE36B800E1FCEE /* Info.plist */,
			);
			path = GitHubSearchUITests;
			sourceTree = "<group>";
		};
/* End PBXGroup section */

/* Begin PBXNativeTarget section */
		A2D009491BEE36B800E1FCEE /* GitHubSearch */ = {
			isa = PBXNativeTarget;
			buildConfigurationList = A2D009741BEE36B800E1FCEE /* Build configuration list for PBXNativeTarget "GitHubSearch" */;
			buildPhases = (
				DAB10E1FD1345E1EA031C4AA /* Check Pods Manifest.lock */,
				A2D009461BEE36B800E1FCEE /* Sources */,
				A2D009471BEE36B800E1FCEE /* Frameworks */,
				A2D009481BEE36B800E1FCEE /* Resources */,
				C704214778609CA8D90550DD /* Embed Pods Frameworks */,
				3484D52090E0C2454291D75E /* Copy Pods Resources */,
			);
			buildRules = (
			);
			dependencies = (
			);
			name = GitHubSearch;
			productName = GitHubSearch;
			productReference = A2D0094A1BEE36B800E1FCEE /* GitHubSearch.app */;
			productType = "com.apple.product-type.application";
		};
		A2D0095F1BEE36B800E1FCEE /* GitHubSearchTests */ = {
			isa = PBXNativeTarget;
			buildConfigurationList = A2D009771BEE36B800E1FCEE /* Build configuration list for PBXNativeTarget "GitHubSearchTests" */;
			buildPhases = (
				A2D0095C1BEE36B800E1FCEE /* Sources */,
				A2D0095D1BEE36B800E1FCEE /* Frameworks */,
				A2D0095E1BEE36B800E1FCEE /* Resources */,
			);
			buildRules = (
			);
			dependencies = (
				A2D009621BEE36B800E1FCEE /* PBXTargetDependency */,
			);
			name = GitHubSearchTests;
			productName = GitHubSearchTests;
			productReference = A2D009601BEE36B800E1FCEE /* GitHubSearchTests.xctest */;
			productType = "com.apple.product-type.bundle.unit-test";
		};
		A2D0096A1BEE36B800E1FCEE /* GitHubSearchUITests */ = {
			isa = PBXNativeTarget;
			buildConfigurationList = A2D0097A1BEE36B800E1FCEE /* Build configuration list for PBXNativeTarget "GitHubSearchUITests" */;
			buildPhases = (
				A2D009671BEE36B800E1FCEE /* Sources */,
				A2D009681BEE36B800E1FCEE /* Frameworks */,
				A2D009691BEE36B800E1FCEE /* Resources */,
			);
			buildRules = (
			);
			dependencies = (
				A2D0096D1BEE36B800E1FCEE /* PBXTargetDependency */,
			);
			name = GitHubSearchUITests;
			productName = GitHubSearchUITests;
			productReference = A2D0096B1BEE36B800E1FCEE /* GitHubSearchUITests.xctest */;
			productType = "com.apple.product-type.bundle.ui-testing";
		};
/* End PBXNativeTarget section */

/* Begin PBXProject section */
		A2D009421BEE36B800E1FCEE /* Project object */ = {
			isa = PBXProject;
			attributes = {
				LastSwiftUpdateCheck = 0710;
				LastUpgradeCheck = 0710;
				ORGANIZATIONNAME = willnet;
				TargetAttributes = {
					A2D009491BEE36B800E1FCEE = {
						CreatedOnToolsVersion = 7.1;
					};
					A2D0095F1BEE36B800E1FCEE = {
						CreatedOnToolsVersion = 7.1;
						TestTargetID = A2D009491BEE36B800E1FCEE;
					};
					A2D0096A1BEE36B800E1FCEE = {
						CreatedOnToolsVersion = 7.1;
						TestTargetID = A2D009491BEE36B800E1FCEE;
					};
				};
			};
			buildConfigurationList = A2D009451BEE36B800E1FCEE /* Build configuration list for PBXProject "GitHubSearch" */;
			compatibilityVersion = "Xcode 3.2";
			developmentRegion = English;
			hasScannedForEncodings = 0;
			knownRegions = (
				en,
				Base,
			);
			mainGroup = A2D009411BEE36B800E1FCEE;
			productRefGroup = A2D0094B1BEE36B800E1FCEE /* Products */;
			projectDirPath = "";
			projectRoot = "";
			targets = (
				A2D009491BEE36B800E1FCEE /* GitHubSearch */,
				A2D0095F1BEE36B800E1FCEE /* GitHubSearchTests */,
				A2D0096A1BEE36B800E1FCEE /* GitHubSearchUITests */,
			);
		};
/* End PBXProject section */

/* Begin PBXResourcesBuildPhase section */
		A2D009481BEE36B800E1FCEE /* Resources */ = {
			isa = PBXResourcesBuildPhase;
			buildActionMask = 2147483647;
			files = (
				A2D0095A1BEE36B800E1FCEE /* LaunchScreen.storyboard in Resources */,
				A2D009571BEE36B800E1FCEE /* Assets.xcassets in Resources */,
				A2D009551BEE36B800E1FCEE /* Main.storyboard in Resources */,
			);
			runOnlyForDeploymentPostprocessing = 0;
		};
		A2D0095E1BEE36B800E1FCEE /* Resources */ = {
			isa = PBXResourcesBuildPhase;
			buildActionMask = 2147483647;
			files = (
			);
			runOnlyForDeploymentPostprocessing = 0;
		};
		A2D009691BEE36B800E1FCEE /* Resources */ = {
			isa = PBXResourcesBuildPhase;
			buildActionMask = 2147483647;
			files = (
			);
			runOnlyForDeploymentPostprocessing = 0;
		};
/* End PBXResourcesBuildPhase section */

/* Begin PBXShellScriptBuildPhase section */
		3484D52090E0C2454291D75E /* Copy Pods Resources */ = {
			isa = PBXShellScriptBuildPhase;
			buildActionMask = 2147483647;
			files = (
			);
			inputPaths = (
			);
			name = "Copy Pods Resources";
			outputPaths = (
			);
			runOnlyForDeploymentPostprocessing = 0;
			shellPath = /bin/sh;
			shellScript = "\"${SRCROOT}/Pods/Target Support Files/Pods/Pods-resources.sh\"\n";
			showEnvVarsInLog = 0;
		};
		C704214778609CA8D90550DD /* Embed Pods Frameworks */ = {
			isa = PBXShellScriptBuildPhase;
			buildActionMask = 2147483647;
			files = (
			);
			inputPaths = (
			);
			name = "Embed Pods Frameworks";
			outputPaths = (
			);
			runOnlyForDeploymentPostprocessing = 0;
			shellPath = /bin/sh;
			shellScript = "\"${SRCROOT}/Pods/Target Support Files/Pods/Pods-frameworks.sh\"\n";
			showEnvVarsInLog = 0;
		};
		DAB10E1FD1345E1EA031C4AA /* Check Pods Manifest.lock */ = {
			isa = PBXShellScriptBuildPhase;
			buildActionMask = 2147483647;
			files = (
			);
			inputPaths = (
			);
			name = "Check Pods Manifest.lock";
			outputPaths = (
			);
			runOnlyForDeploymentPostprocessing = 0;
			shellPath = /bin/sh;
			shellScript = "diff \"${PODS_ROOT}/../Podfile.lock\" \"${PODS_ROOT}/Manifest.lock\" > /dev/null\nif [[ $? != 0 ]] ; then\n    cat << EOM\nerror: The sandbox is not in sync with the Podfile.lock. Run 'pod install' or update your CocoaPods installation.\nEOM\n    exit 1\nfi\n";
			showEnvVarsInLog = 0;
		};
/* End PBXShellScriptBuildPhase section */

/* Begin PBXSourcesBuildPhase section */
		A2D009461BEE36B800E1FCEE /* Sources */ = {
			isa = PBXSourcesBuildPhase;
			buildActionMask = 2147483647;
			files = (
				A2D009521BEE36B800E1FCEE /* DetailViewController.swift in Sources */,
				A2D009501BEE36B800E1FCEE /* MasterViewController.swift in Sources */,
				A2D0094E1BEE36B800E1FCEE /* AppDelegate.swift in Sources */,
			);
			runOnlyForDeploymentPostprocessing = 0;
		};
		A2D0095C1BEE36B800E1FCEE /* Sources */ = {
			isa = PBXSourcesBuildPhase;
			buildActionMask = 2147483647;
			files = (
				A2D009651BEE36B800E1FCEE /* GitHubSearchTests.swift in Sources */,
			);
			runOnlyForDeploymentPostprocessing = 0;
		};
		A2D009671BEE36B800E1FCEE /* Sources */ = {
			isa = PBXSourcesBuildPhase;
			buildActionMask = 2147483647;
			files = (
				A2D009701BEE36B800E1FCEE /* GitHubSearchUITests.swift in Sources */,
			);
			runOnlyForDeploymentPostprocessing = 0;
		};
/* End PBXSourcesBuildPhase section */

/* Begin PBXTargetDependency section */
		A2D009621BEE36B800E1FCEE /* PBXTargetDependency */ = {
			isa = PBXTargetDependency;
			target = A2D009491BEE36B800E1FCEE /* GitHubSearch */;
			targetProxy = A2D009611BEE36B800E1FCEE /* PBXContainerItemProxy */;
		};
		A2D0096D1BEE36B800E1FCEE /* PBXTargetDependency */ = {
			isa = PBXTargetDependency;
			target = A2D009491BEE36B800E1FCEE /* GitHubSearch */;
			targetProxy = A2D0096C1BEE36B800E1FCEE /* PBXContainerItemProxy */;
		};
/* End PBXTargetDependency section */

/* Begin PBXVariantGroup section */
		A2D009531BEE36B800E1FCEE /* Main.storyboard */ = {
			isa = PBXVariantGroup;
			children = (
				A2D009541BEE36B800E1FCEE /* Base */,
			);
			name = Main.storyboard;
			sourceTree = "<group>";
		};
		A2D009581BEE36B800E1FCEE /* LaunchScreen.storyboard */ = {
			isa = PBXVariantGroup;
			children = (
				A2D009591BEE36B800E1FCEE /* Base */,
			);
			name = LaunchScreen.storyboard;
			sourceTree = "<group>";
		};
/* End PBXVariantGroup section */

/* Begin XCBuildConfiguration section */
		A2D009721BEE36B800E1FCEE /* Debug */ = {
			isa = XCBuildConfiguration;
			buildSettings = {
				ALWAYS_SEARCH_USER_PATHS = NO;
				CLANG_CXX_LANGUAGE_STANDARD = "gnu++0x";
				CLANG_CXX_LIBRARY = "libc++";
				CLANG_ENABLE_MODULES = YES;
				CLANG_ENABLE_OBJC_ARC = YES;
				CLANG_WARN_BOOL_CONVERSION = YES;
				CLANG_WARN_CONSTANT_CONVERSION = YES;
				CLANG_WARN_DIRECT_OBJC_ISA_USAGE = YES_ERROR;
				CLANG_WARN_EMPTY_BODY = YES;
				CLANG_WARN_ENUM_CONVERSION = YES;
				CLANG_WARN_INT_CONVERSION = YES;
				CLANG_WARN_OBJC_ROOT_CLASS = YES_ERROR;
				CLANG_WARN_UNREACHABLE_CODE = YES;
				CLANG_WARN__DUPLICATE_METHOD_MATCH = YES;
				"CODE_SIGN_IDENTITY[sdk=iphoneos*]" = "iPhone Developer";
				COPY_PHASE_STRIP = NO;
				DEBUG_INFORMATION_FORMAT = dwarf;
				ENABLE_STRICT_OBJC_MSGSEND = YES;
				ENABLE_TESTABILITY = YES;
				GCC_C_LANGUAGE_STANDARD = gnu99;
				GCC_DYNAMIC_NO_PIC = NO;
				GCC_NO_COMMON_BLOCKS = YES;
				GCC_OPTIMIZATION_LEVEL = 0;
				GCC_PREPROCESSOR_DEFINITIONS = (
					"DEBUG=1",
					"$(inherited)",
				);
				GCC_WARN_64_TO_32_BIT_CONVERSION = YES;
				GCC_WARN_ABOUT_RETURN_TYPE = YES_ERROR;
				GCC_WARN_UNDECLARED_SELECTOR = YES;
				GCC_WARN_UNINITIALIZED_AUTOS = YES_AGGRESSIVE;
				GCC_WARN_UNUSED_FUNCTION = YES;
				GCC_WARN_UNUSED_VARIABLE = YES;
				IPHONEOS_DEPLOYMENT_TARGET = 9.1;
				MTL_ENABLE_DEBUG_INFO = YES;
				ONLY_ACTIVE_ARCH = YES;
				SDKROOT = iphoneos;
				SWIFT_OPTIMIZATION_LEVEL = "-Onone";
				TARGETED_DEVICE_FAMILY = "1,2";
			};
			name = Debug;
		};
		A2D009731BEE36B800E1FCEE /* Release */ = {
			isa = XCBuildConfiguration;
			buildSettings = {
				ALWAYS_SEARCH_USER_PATHS = NO;
				CLANG_CXX_LANGUAGE_STANDARD = "gnu++0x";
				CLANG_CXX_LIBRARY = "libc++";
				CLANG_ENABLE_MODULES = YES;
				CLANG_ENABLE_OBJC_ARC = YES;
				CLANG_WARN_BOOL_CONVERSION = YES;
				CLANG_WARN_CONSTANT_CONVERSION = YES;
				CLANG_WARN_DIRECT_OBJC_ISA_USAGE = YES_ERROR;
				CLANG_WARN_EMPTY_BODY = YES;
				CLANG_WARN_ENUM_CONVERSION = YES;
				CLANG_WARN_INT_CONVERSION = YES;
				CLANG_WARN_OBJC_ROOT_CLASS = YES_ERROR;
				CLANG_WARN_UNREACHABLE_CODE = YES;
				CLANG_WARN__DUPLICATE_METHOD_MATCH = YES;
				"CODE_SIGN_IDENTITY[sdk=iphoneos*]" = "iPhone Developer";
				COPY_PHASE_STRIP = NO;
				DEBUG_INFORMATION_FORMAT = "dwarf-with-dsym";
				ENABLE_NS_ASSERTIONS = NO;
				ENABLE_STRICT_OBJC_MSGSEND = YES;
				GCC_C_LANGUAGE_STANDARD = gnu99;
				GCC_NO_COMMON_BLOCKS = YES;
				GCC_WARN_64_TO_32_BIT_CONVERSION = YES;
				GCC_WARN_ABOUT_RETURN_TYPE = YES_ERROR;
				GCC_WARN_UNDECLARED_SELECTOR = YES;
				GCC_WARN_UNINITIALIZED_AUTOS = YES_AGGRESSIVE;
				GCC_WARN_UNUSED_FUNCTION = YES;
				GCC_WARN_UNUSED_VARIABLE = YES;
				IPHONEOS_DEPLOYMENT_TARGET = 9.1;
				MTL_ENABLE_DEBUG_INFO = NO;
				SDKROOT = iphoneos;
				TARGETED_DEVICE_FAMILY = "1,2";
				VALIDATE_PRODUCT = YES;
			};
			name = Release;
		};
		A2D009751BEE36B800E1FCEE /* Debug */ = {
			isa = XCBuildConfiguration;
			baseConfigurationReference = F898359742239CEBE9EB1D04 /* Pods.debug.xcconfig */;
			buildSettings = {
				ASSETCATALOG_COMPILER_APPICON_NAME = AppIcon;
				INFOPLIST_FILE = GitHubSearch/Info.plist;
				LD_RUNPATH_SEARCH_PATHS = "$(inherited) @executable_path/Frameworks";
				PRODUCT_BUNDLE_IDENTIFIER = in.willnet.GitHubSearch;
				PRODUCT_NAME = "$(TARGET_NAME)";
			};
			name = Debug;
		};
		A2D009761BEE36B800E1FCEE /* Release */ = {
			isa = XCBuildConfiguration;
			baseConfigurationReference = 27AFC4B724F93739754B80CA /* Pods.release.xcconfig */;
			buildSettings = {
				ASSETCATALOG_COMPILER_APPICON_NAME = AppIcon;
				INFOPLIST_FILE = GitHubSearch/Info.plist;
				LD_RUNPATH_SEARCH_PATHS = "$(inherited) @executable_path/Frameworks";
				PRODUCT_BUNDLE_IDENTIFIER = in.willnet.GitHubSearch;
				PRODUCT_NAME = "$(TARGET_NAME)";
			};
			name = Release;
		};
		A2D009781BEE36B800E1FCEE /* Debug */ = {
			isa = XCBuildConfiguration;
			buildSettings = {
				BUNDLE_LOADER = "$(TEST_HOST)";
				INFOPLIST_FILE = GitHubSearchTests/Info.plist;
				LD_RUNPATH_SEARCH_PATHS = "$(inherited) @executable_path/Frameworks @loader_path/Frameworks";
				PRODUCT_BUNDLE_IDENTIFIER = in.willnet.GitHubSearchTests;
				PRODUCT_NAME = "$(TARGET_NAME)";
				TEST_HOST = "$(BUILT_PRODUCTS_DIR)/GitHubSearch.app/GitHubSearch";
			};
			name = Debug;
		};
		A2D009791BEE36B800E1FCEE /* Release */ = {
			isa = XCBuildConfiguration;
			buildSettings = {
				BUNDLE_LOADER = "$(TEST_HOST)";
				INFOPLIST_FILE = GitHubSearchTests/Info.plist;
				LD_RUNPATH_SEARCH_PATHS = "$(inherited) @executable_path/Frameworks @loader_path/Frameworks";
				PRODUCT_BUNDLE_IDENTIFIER = in.willnet.GitHubSearchTests;
				PRODUCT_NAME = "$(TARGET_NAME)";
				TEST_HOST = "$(BUILT_PRODUCTS_DIR)/GitHubSearch.app/GitHubSearch";
			};
			name = Release;
		};
		A2D0097B1BEE36B800E1FCEE /* Debug */ = {
			isa = XCBuildConfiguration;
			buildSettings = {
				INFOPLIST_FILE = GitHubSearchUITests/Info.plist;
				LD_RUNPATH_SEARCH_PATHS = "$(inherited) @executable_path/Frameworks @loader_path/Frameworks";
				PRODUCT_BUNDLE_IDENTIFIER = in.willnet.GitHubSearchUITests;
				PRODUCT_NAME = "$(TARGET_NAME)";
				TEST_TARGET_NAME = GitHubSearch;
				USES_XCTRUNNER = YES;
			};
			name = Debug;
		};
		A2D0097C1BEE36B800E1FCEE /* Release */ = {
			isa = XCBuildConfiguration;
			buildSettings = {
				INFOPLIST_FILE = GitHubSearchUITests/Info.plist;
				LD_RUNPATH_SEARCH_PATHS = "$(inherited) @executable_path/Frameworks @loader_path/Frameworks";
				PRODUCT_BUNDLE_IDENTIFIER = in.willnet.GitHubSearchUITests;
				PRODUCT_NAME = "$(TARGET_NAME)";
				TEST_TARGET_NAME = GitHubSearch;
				USES_XCTRUNNER = YES;
			};
			name = Release;
		};
/* End XCBuildConfiguration section */

/* Begin XCConfigurationList section */
		A2D009451BEE36B800E1FCEE /* Build configuration list for PBXProject "GitHubSearch" */ = {
			isa = XCConfigurationList;
			buildConfigurations = (
				A2D009721BEE36B800E1FCEE /* Debug */,
				A2D009731BEE36B800E1FCEE /* Release */,
			);
			defaultConfigurationIsVisible = 0;
			defaultConfigurationName = Release;
		};
		A2D009741BEE36B800E1FCEE /* Build configuration list for PBXNativeTarget "GitHubSearch" */ = {
			isa = XCConfigurationList;
			buildConfigurations = (
				A2D009751BEE36B800E1FCEE /* Debug */,
				A2D009761BEE36B800E1FCEE /* Release */,
			);
			defaultConfigurationIsVisible = 0;
			defaultConfigurationName = Release;
		};
		A2D009771BEE36B800E1FCEE /* Build configuration list for PBXNativeTarget "GitHubSearchTests" */ = {
			isa = XCConfigurationList;
			buildConfigurations = (
				A2D009781BEE36B800E1FCEE /* Debug */,
				A2D009791BEE36B800E1FCEE /* Release */,
			);
			defaultConfigurationIsVisible = 0;
			defaultConfigurationName = Release;
		};
		A2D0097A1BEE36B800E1FCEE /* Build configuration list for PBXNativeTarget "GitHubSearchUITests" */ = {
			isa = XCConfigurationList;
			buildConfigurations = (
				A2D0097B1BEE36B800E1FCEE /* Debug */,
				A2D0097C1BEE36B800E1FCEE /* Release */,
			);
			defaultConfigurationIsVisible = 0;
			defaultConfigurationName = Release;
		};
/* End XCConfigurationList section */
	};
	rootObject = A2D009421BEE36B800E1FCEE /* Project object */;
}
